
Microsoft Visual Studio Solution File, Format Version 12.00
# Visual Studio Version 17
VisualStudioVersion = 17.9.34902.65
MinimumVisualStudioVersion = 10.0.40219.1
Project("{8BC9CEB8-8B4A-11D0-8D11-00A0C91BC942}") = "SpaceProject", "SpaceProject.vcxproj", "{EA5ABE51-E209-4680-B16D-17A044BD3D0A}"
EndProject
Global
	GlobalSection(SolutionConfigurationPlatforms) = preSolution
		Debug|x64 = Debug|x64
		Debug|x86 = Debug|x86
		Release|x64 = Release|x64
		Release|x86 = Release|x86
	EndGlobalSection
	GlobalSection(ProjectConfigurationPlatforms) = postSolution
		{EA5ABE51-E209-4680-B16D-17A044BD3D0A}.Debug|x64.ActiveCfg = Debug|x64
		{EA5ABE51-E209-4680-B16D-17A044BD3D0A}.Debug|x64.Build.0 = Debug|x64
		{EA5ABE51-E209-4680-B16D-17A044BD3D0A}.Debug|x86.ActiveCfg = Debug|Win32
		{EA5ABE51-E209-4680-B16D-17A044BD3D0A}.Debug|x86.Build.0 = Debug|Win32
		{EA5ABE51-E209-4680-B16D-17A044BD3D0A}.Release|x64.ActiveCfg = Release|x64
		{EA5ABE51-E209-4680-B16D-17A044BD3D0A}.Release|x64.Build.0 = Release|x64
		{EA5ABE51-E209-4680-B16D-17A044BD3D0A}.Release|x86.ActiveCfg = Release|Win32
		{EA5ABE51-E209-4680-B16D-17A044BD3D0A}.Release|x86.Build.0 = Release|Win32
	EndGlobalSection
	GlobalSection(SolutionProperties) = preSolution
		HideSolutionNode = FALSE
	EndGlobalSection
	GlobalSection(ExtensibilityGlobals) = postSolution
		SolutionGuid = {F6734591-F76B-48B1-903D-517BD67A3AC8}
	EndGlobalSection
EndGlobal
